// !$*UTF8*$!
{
	archiveVersion = 1;
	classes = {
	};
	objectVersion = 46;
	objects = {

/* Begin PBXBuildFile section */
		24FD51C11EFB1EF100C802C7 /* main.m in Sources */ = {isa = PBXBuildFile; fileRef = 24FD51C01EFB1EF100C802C7 /* main.m */; };
/* End PBXBuildFile section */

/* Begin PBXCopyFilesBuildPhase section */
		24FD51BB1EFB1EF100C802C7 /* CopyFiles */ = {
			isa = PBXCopyFilesBuildPhase;
			buildActionMask = 2147483647;
			dstPath = /usr/share/man/man1/;
			dstSubfolderSpec = 0;
			files = (
			);
			runOnlyForDeploymentPostprocessing = 1;
		};
/* End PBXCopyFilesBuildPhase section */

/* Begin PBXFileReference section */
		24FD51BD1EFB1EF100C802C7 /* KeyValueObservingPattern */ = {isa = PBXFileReference; explicitFileType = "compiled.mach-o.executable"; includeInIndex = 0; path = KeyValueObservingPattern; sourceTree = BUILT_PRODUCTS_DIR; };
		24FD51C01EFB1EF100C802C7 /* main.m */ = {isa = PBXFileReference; lastKnownFileType = sourcecode.c.objc; path = main.m; sourceTree = "<group>"; };
/* End PBXFileReference section */

/* Begin PBXFrameworksBuildPhase section */
		24FD51BA1EFB1EF100C802C7 /* Frameworks */ = {
			isa = PBXFrameworksBuildPhase;
			buildActionMask = 2147483647;
			files = (
			);
			runOnlyForDeploymentPostprocessing = 0;
		};
/* End PBXFrameworksBuildPhase section */

/* Begin PBXGroup section */
		24FD51B41EFB1EF000C802C7 = {
			isa = PBXGroup;
			children = (
				24FD51BF1EFB1EF100C802C7 /* KeyValueObservingPattern */,
				24FD51BE1EFB1EF100C802C7 /* Products */,
			);
			sourceTree = "<group>";
		};
		24FD51BE1EFB1EF100C802C7 /* Products */ = {
			isa = PBXGroup;
			children = (
				24FD51BD1EFB1EF100C802C7 /* KeyValueObservingPattern */,
			);
			name = Products;
			sourceTree = "<group>";
		};
		24FD51BF1EFB1EF100C802C7 /* KeyValueObservingPattern */ = {
			isa = PBXGroup;
			children = (
				24FD51C01EFB1EF100C802C7 /* main.m */,
			);
			path = KeyValueObservingPattern;
			sourceTree = "<group>";
		};
/* End PBXGroup section */

/* Begin PBXNativeTarget section */
		24FD51BC1EFB1EF100C802C7 /* KeyValueObservingPattern */ = {
			isa = PBXNativeTarget;
			buildConfigurationList = 24FD51C41EFB1EF100C802C7 /* Build configuration list for PBXNativeTarget "KeyValueObservingPattern" */;
			buildPhases = (
				24FD51B91EFB1EF100C802C7 /* Sources */,
				24FD51BA1EFB1EF100C802C7 /* Frameworks */,
				24FD51BB1EFB1EF100C802C7 /* CopyFiles */,
			);
			buildRules = (
			);
			dependencies = (
			);
			name = KeyValueObservingPattern;
			productName = KeyValueObservingPattern;
			productReference = 24FD51BD1EFB1EF100C802C7 /* KeyValueObservingPattern */;
			productType = "com.apple.product-type.tool";
		};
/* End PBXNativeTarget section */

/* Begin PBXProject section */
		24FD51B51EFB1EF000C802C7 /* Project object */ = {
			isa = PBXProject;
			attributes = {
				LastUpgradeCheck = 0830;
				ORGANIZATIONNAME = ASU;
				TargetAttributes = {
					24FD51BC1EFB1EF100C802C7 = {
						CreatedOnToolsVersion = 8.3.3;
						DevelopmentTeam = 2WESM7TKKR;
						ProvisioningStyle = Automatic;
					};
				};
			};
			buildConfigurationList = 24FD51B81EFB1EF000C802C7 /* Build configuration list for PBXProject "KeyValueObservingPattern" */;
			compatibilityVersion = "Xcode 3.2";
			developmentRegion = English;
			hasScannedForEncodings = 0;
			knownRegions = (
				en,
			);
			mainGroup = 24FD51B41EFB1EF000C802C7;
			productRefGroup = 24FD51BE1EFB1EF100C802C7 /* Products */;
			projectDirPath = "";
			projectRoot = "";
			targets = (
				24FD51BC1EFB1EF100C802C7 /* KeyValueObservingPattern */,
			);
		};
/* End PBXProject section */

/* Begin PBXSourcesBuildPhase section */
		24FD51B91EFB1EF100C802C7 /* Sources */ = {
			isa = PBXSourcesBuildPhase;
			buildActionMask = 2147483647;
			files = (
				24FD51C11EFB1EF100C802C7 /* main.m in Sources */,
			);
			runOnlyForDeploymentPostprocessing = 0;
		};
/* End PBXSourcesBuildPhase section */

/* Begin XCBuildConfiguration section */
		24FD51C21EFB1EF100C802C7 /* Debug */ = {
			isa = XCBuildConfiguration;
			buildSettings = {
				ALWAYS_SEARCH_USER_PATHS = NO;
				CLANG_ANALYZER_NONNULL = YES;
				CLANG_ANALYZER_NUMBER_OBJECT_CONVERSION = YES_AGGRESSIVE;
				CLANG_CXX_LANGUAGE_STANDARD = "gnu++0x";
				CLANG_CXX_LIBRARY = "libc++";
				CLANG_ENABLE_MODULES = YES;
				CLANG_ENABLE_OBJC_ARC = YES;
				CLANG_WARN_BOOL_CONVERSION = YES;
				CLANG_WARN_CONSTANT_CONVERSION = YES;
				CLANG_WARN_DIRECT_OBJC_ISA_USAGE = YES_ERROR;
				CLANG_WARN_DOCUMENTATION_COMMENTS = YES;
				CLANG_WARN_EMPTY_BODY = YES;
				CLANG_WARN_ENUM_CONVERSION = YES;
				CLANG_WARN_INFINITE_RECURSION = YES;
				CLANG_WARN_INT_CONVERSION = YES;
				CLANG_WARN_OBJC_ROOT_CLASS = YES_ERROR;
				CLANG_WARN_SUSPICIOUS_MOVE = YES;
				CLANG_WARN_UNREACHABLE_CODE = YES;
				CLANG_WARN__DUPLICATE_METHOD_MATCH = YES;
				CODE_SIGN_IDENTITY = "-";
				COPY_PHASE_STRIP = NO;
				DEBUG_INFORMATION_FORMAT = dwarf;
				ENABLE_STRICT_OBJC_MSGSEND = YES;
				ENABLE_TESTABILITY = YES;
				GCC_C_LANGUAGE_STANDARD = gnu99;
				GCC_DYNAMIC_NO_PIC = NO;
				GCC_NO_COMMON_BLOCKS = YES;
				GCC_OPTIMIZATION_LEVEL = 0;
				GCC_PREPROCESSOR_DEFINITIONS = (
					"DEBUG=1",
					"$(inherited)",
				);
				GCC_WARN_64_TO_32_BIT_CONVERSION = YES;
				GCC_WARN_ABOUT_RETURN_TYPE = YES_ERROR;
				GCC_WARN_UNDECLARED_SELECTOR = YES;
				GCC_WARN_UNINITIALIZED_AUTOS = YES_AGGRESSIVE;
				GCC_WARN_UNUSED_FUNCTION = YES;
				GCC_WARN_UNUSED_VARIABLE = YES;
				MACOSX_DEPLOYMENT_TARGET = 10.12;
				MTL_ENABLE_DEBUG_INFO = YES;
				ONLY_ACTIVE_ARCH = YES;
				SDKROOT = macosx;
			};
			name = Debug;
		};
		24FD51C31EFB1EF100C802C7 /* Release */ = {
			isa = XCBuildConfiguration;
			buildSettings = {
				ALWAYS_SEARCH_USER_PATHS = NO;
				CLANG_ANALYZER_NONNULL = YES;
				CLANG_ANALYZER_NUMBER_OBJECT_CONVERSION = YES_AGGRESSIVE;
				CLANG_CXX_LANGUAGE_STANDARD = "gnu++0x";
				CLANG_CXX_LIBRARY = "libc++";
				CLANG_ENABLE_MODULES = YES;
				CLANG_ENABLE_OBJC_ARC = YES;
				CLANG_WARN_BOOL_CONVERSION = YES;
				CLANG_WARN_CONSTANT_CONVERSION = YES;
				CLANG_WARN_DIRECT_OBJC_ISA_USAGE = YES_ERROR;
				CLANG_WARN_DOCUMENTATION_COMMENTS = YES;
				CLANG_WARN_EMPTY_BODY = YES;
				CLANG_WARN_ENUM_CONVERSION = YES;
				CLANG_WARN_INFINITE_RECURSION = YES;
				CLANG_WARN_INT_CONVERSION = YES;
				CLANG_WARN_OBJC_ROOT_CLASS = YES_ERROR;
				CLANG_WARN_SUSPICIOUS_MOVE = YES;
				CLANG_WARN_UNREACHABLE_CODE = YES;
				CLANG_WARN__DUPLICATE_METHOD_MATCH = YES;
				CODE_SIGN_IDENTITY = "-";
				COPY_PHASE_STRIP = NO;
				DEBUG_INFORMATION_FORMAT = "dwarf-with-dsym";
				ENABLE_NS_ASSERTIONS = NO;
				ENABLE_STRICT_OBJC_MSGSEND = YES;
				GCC_C_LANGUAGE_STANDARD = gnu99;
				GCC_NO_COMMON_BLOCKS = YES;
				GCC_WARN_64_TO_32_BIT_CONVERSION = YES;
				GCC_WARN_ABOUT_RETURN_TYPE = YES_ERROR;
				GCC_WARN_UNDECLARED_SELECTOR = YES;
				GCC_WARN_UNINITIALIZED_AUTOS = YES_AGGRESSIVE;
				GCC_WARN_UNUSED_FUNCTION = YES;
				GCC_WARN_UNUSED_VARIABLE = YES;
				MACOSX_DEPLOYMENT_TARGET = 10.12;
				MTL_ENABLE_DEBUG_INFO = NO;
				SDKROOT = macosx;
			};
			name = Release;
		};
		24FD51C51EFB1EF100C802C7 /* Debug */ = {
			isa = XCBuildConfiguration;
			buildSettings = {
				DEVELOPMENT_TEAM = 2WESM7TKKR;
				PRODUCT_NAME = "$(TARGET_NAME)";
			};
			name = Debug;
		};
		24FD51C61EFB1EF100C802C7 /* Release */ = {
			isa = XCBuildConfiguration;
			buildSettings = {
				DEVELOPMENT_TEAM = 2WESM7TKKR;
				PRODUCT_NAME = "$(TARGET_NAME)";
			};
			name = Release;
		};
/* End XCBuildConfiguration section */

/* Begin XCConfigurationList section */
		24FD51B81EFB1EF000C802C7 /* Build configuration list for PBXProject "KeyValueObservingPattern" */ = {
			isa = XCConfigurationList;
			buildConfigurations = (
				24FD51C21EFB1EF100C802C7 /* Debug */,
				24FD51C31EFB1EF100C802C7 /* Release */,
			);
			defaultConfigurationIsVisible = 0;
			defaultConfigurationName = Release;
		};
		24FD51C41EFB1EF100C802C7 /* Build configuration list for PBXNativeTarget "KeyValueObservingPattern" */ = {
			isa = XCConfigurationList;
			buildConfigurations = (
				24FD51C51EFB1EF100C802C7 /* Debug */,
				24FD51C61EFB1EF100C802C7 /* Release */,
			);
			defaultConfigurationIsVisible = 0;
		};
/* End XCConfigurationList section */
	};
	rootObject = 24FD51B51EFB1EF000C802C7 /* Project object */;
}
